{
  "version": 4,
  "terraform_version": "0.12.24",
  "serial": 4,
  "lineage": "3b31c117-7c6b-102e-7712-e453874bbc42",
  "outputs": {},
  "resources": [
    {
      "mode": "managed",
      "type": "google_dns_managed_zone",
      "name": "lazylifetech",
      "provider": "provider.google",
      "instances": [
        {
          "schema_version": 0,
          "attributes": {
            "description": "Managed by Terraform",
            "dns_name": "lazylife.tech.",
            "dnssec_config": [],
            "id": "projects/ibrobaba/managedZones/lazylifetech",
            "labels": null,
            "name": "lazylifetech",
            "name_servers": [
              "ns-cloud-c1.googledomains.com.",
              "ns-cloud-c2.googledomains.com.",
              "ns-cloud-c3.googledomains.com.",
              "ns-cloud-c4.googledomains.com."
            ],
            "private_visibility_config": [],
            "project": "ibrobaba",
            "timeouts": null,
            "visibility": "public"
          },
          "private": "eyJlMmJmYjczMC1lY2FhLTExZTYtOGY4OC0zNDM2M2JjN2M0YzAiOnsiY3JlYXRlIjoyNDAwMDAwMDAwMDAsImRlbGV0ZSI6MjQwMDAwMDAwMDAwLCJ1cGRhdGUiOjI0MDAwMDAwMDAwMH19"
        }
      ]
    },
    {
      "mode": "managed",
      "type": "google_dns_record_set",
      "name": "lazylifetech",
      "provider": "provider.google",
      "instances": [
        {
          "schema_version": 0,
          "attributes": {
            "id": "lazylifetech/www.lazylife.tech./A",
            "managed_zone": "lazylifetech",
            "name": "www.lazylife.tech.",
            "project": "ibrobaba",
            "rrdatas": [
              "34.75.191.121"
            ],
            "ttl": 300,
            "type": "A"
          },
          "private": "bnVsbA==",
          "dependencies": [
            "google_dns_managed_zone.lazylifetech"
          ]
        }
      ]
    }
  ]
}
